schema: '2.0'
stages:
  data_ingestion:
    cmd: python src/mlproject/pipeline/stage_01_data_ingestion.py
    deps:
    - path: config/config.yaml
      hash: md5
      md5: 12489820e8b968e9e422dc93ef37d36c
      size: 983
    - path: src/mlproject/pipeline/stage_01_data_ingestion.py
      hash: md5
      md5: 679d1716ca2b7b9637a591dd87e48789
      size: 914
    outs:
    - path: artifacts/data_ingestion/winequality-red.csv
      hash: md5
      md5: 6a883fd98624e18c0b7ce251f4fab4fb
      size: 100951
  data_validation:
    cmd: python src/mlproject/pipeline/stage_02_data_validation.py
    deps:
    - path: config/config.yaml
      hash: md5
      md5: 12489820e8b968e9e422dc93ef37d36c
      size: 983
    - path: params.yaml
      hash: md5
      md5: 8525e5bcbcc361c3c0f3fadef2ab9bf7
      size: 40
    - path: src/mlproject/pipeline/stage_02_data_validation.py
      hash: md5
      md5: f469bab6828e1f2d747827d887e596e4
      size: 879
    params:
      params.yaml:
        ElasticNet.alpha: 0.3
        ElasticNet.l1_ratio: 0.1
    outs:
    - path: artifacts/data_validation/status.txt
      hash: md5
      md5: 86e6a2f694c57a675b3e2da6b95ff9ba
      size: 23
