schema: '2.0'
stages:
  data_ingestion:
    cmd: python src/mlproject/pipeline/stage_01_data_ingestion.py
    deps:
    - path: config/config.yaml
      hash: md5
      md5: d6ecc6bb76a401dae5999b1080637e01
      size: 1073
    - path: src/mlproject/pipeline/stage_01_data_ingestion.py
      hash: md5
      md5: 679d1716ca2b7b9637a591dd87e48789
      size: 914
    outs:
    - path: artifacts/data_ingestion/winequality-red.csv
      hash: md5
      md5: 6a883fd98624e18c0b7ce251f4fab4fb
      size: 100951
  data_validation:
    cmd: python src/mlproject/pipeline/stage_02_data_validation.py
    deps:
    - path: config/config.yaml
      hash: md5
      md5: d6ecc6bb76a401dae5999b1080637e01
      size: 1073
    - path: schema.yaml
      hash: md5
      md5: 9bac03cc8d4add1cb01aae05ff959c6e
      size: 317
    - path: src/mlproject/pipeline/stage_02_data_validation.py
      hash: md5
      md5: f469bab6828e1f2d747827d887e596e4
      size: 879
    outs:
    - path: artifacts/data_validation/status.txt
      hash: md5
      md5: 86e6a2f694c57a675b3e2da6b95ff9ba
      size: 23
  data_transformation:
    cmd: python src/mlproject/pipeline/stage_03_data_transformation.py
    deps:
    - path: artifacts/data_ingestion/winequality-red.csv
      hash: md5
      md5: 6a883fd98624e18c0b7ce251f4fab4fb
      size: 100951
    - path: config/config.yaml
      hash: md5
      md5: d6ecc6bb76a401dae5999b1080637e01
      size: 1073
    - path: src/mlproject/pipeline/stage_03_data_transformation.py
      hash: md5
      md5: f3292a87c526b13b5b2c44485736072c
      size: 1318
    outs:
    - path: artifacts/data_transformation/test.csv
      hash: md5
      md5: ecb3d51fd42874556436f7f17ba38f5d
      size: 23479
    - path: artifacts/data_transformation/train.csv
      hash: md5
      md5: bcf4701aa5e403348b46a4ee9d6236c6
      size: 70152
  model_trainer:
    cmd: python src/mlproject/pipeline/stage_04_model_trainer.py
    deps:
    - path: artifacts/data_transformation/test.csv
      hash: md5
      md5: ecb3d51fd42874556436f7f17ba38f5d
      size: 23479
    - path: artifacts/data_transformation/train.csv
      hash: md5
      md5: bcf4701aa5e403348b46a4ee9d6236c6
      size: 70152
    - path: config/config.yaml
      hash: md5
      md5: d6ecc6bb76a401dae5999b1080637e01
      size: 1073
    - path: params.yaml
      hash: md5
      md5: f1b9e4e5b62f8b019c2c7b92d0a3107f
      size: 40
    - path: schema.yaml
      hash: md5
      md5: 9bac03cc8d4add1cb01aae05ff959c6e
      size: 317
    - path: src/mlproject/pipeline/stage_04_model_trainer.py
      hash: md5
      md5: 04446f85c4fba5d21a599a2bc4fbd35b
      size: 854
    params:
      params.yaml:
        ElasticNet.alpha: 0.9
        ElasticNet.l1_ratio: 0.1
    outs:
    - path: artifacts/model_trainer/model.joblib
      hash: md5
      md5: a0d515b270c8f1e25df55001d9ca4dec
      size: 1263
    - path: reports/scores.json
      hash: md5
      md5: 6e998ba97a7b0b74afd8e159d1b55b75
      size: 78
  model_evaluation:
    cmd: python src/mlproject/pipeline/stage_05_model_evaluation.py
    deps:
    - path: artifacts/data_transformation/test.csv
      hash: md5
      md5: ecb3d51fd42874556436f7f17ba38f5d
      size: 23479
    - path: artifacts/model_trainer/model.joblib
      hash: md5
      md5: a0d515b270c8f1e25df55001d9ca4dec
      size: 1263
    - path: config/config.yaml
      hash: md5
      md5: d6ecc6bb76a401dae5999b1080637e01
      size: 1073
    - path: params.yaml
      hash: md5
      md5: f1b9e4e5b62f8b019c2c7b92d0a3107f
      size: 40
    - path: schema.yaml
      hash: md5
      md5: 9bac03cc8d4add1cb01aae05ff959c6e
      size: 317
    - path: src/mlproject/pipeline/stage_05_model_evaluation.py
      hash: md5
      md5: 8a69f4a6a6fad6c632536df0fb70a38f
      size: 893
    params:
      params.yaml:
        ElasticNet.alpha: 0.9
        ElasticNet.l1_ratio: 0.1
    outs:
    - path: artifacts/model_evaluation/metrics.json
      hash: md5
      md5: 0ddfda795606c19f5539248c8b4c8518
      size: 173
    - path: reports/evaluation.json
      hash: md5
      md5: 0ddfda795606c19f5539248c8b4c8518
      size: 173
